{
  "name": "gerenciando-arquivos",
  "version": "1.0.0",
  "lockfileVersion": 3,
  "requires": true,
  "packages": {
    "": {
      "name": "gerenciando-arquivos",
      "version": "1.0.0",
      "license": "ISC",
      "dependencies": {
        "arquivos-calculadora": "^1.0.0",
        "readline-sync": "^1.4.10"
      }
    },
    "node_modules/arquivos-calculadora": {
      "version": "1.0.0",
      "resolved": "https://registry.npmjs.org/arquivos-calculadora/-/arquivos-calculadora-1.0.0.tgz",
      "integrity": "sha512-cAMMfdaN5/fxeffere58tDXC+cvNAl2daY7YNSHBj9yr8xlgniaIyQHDoan/CMm56JVFV06A/Ys0+qGsGtVC9A=="
    },
    "node_modules/readline-sync": {
      "version": "1.4.10",
      "resolved": "https://registry.npmjs.org/readline-sync/-/readline-sync-1.4.10.tgz",
      "integrity": "sha512-gNva8/6UAe8QYepIQH/jQ2qn91Qj0B9sYjMBBs3QOB8F2CXcKgLxQaJRP76sWVRQt+QU+8fAkCbCvjjMFu7Ycw==",
      "engines": {
        "node": ">= 0.8.0"
      }
    }
  }
}
